
Microsoft Visual Studio Solution File, Format Version 12.00
Project("{FAE04EC0-301F-11D3-BF4B-00C04F79EFBC}") = "Second_Journal", "Second_Journal.csproj", "{4935B27A-11B0-418E-A663-B31F743D0152}"
EndProject
Global
	GlobalSection(SolutionConfigurationPlatforms) = preSolution
		Debug|Any CPU = Debug|Any CPU
		Release|Any CPU = Release|Any CPU
	EndGlobalSection
	GlobalSection(ProjectConfigurationPlatforms) = postSolution
		{4935B27A-11B0-418E-A663-B31F743D0152}.Debug|Any CPU.ActiveCfg = Debug|Any CPU
		{4935B27A-11B0-418E-A663-B31F743D0152}.Debug|Any CPU.Build.0 = Debug|Any CPU
		{4935B27A-11B0-418E-A663-B31F743D0152}.Release|Any CPU.ActiveCfg = Release|Any CPU
		{4935B27A-11B0-418E-A663-B31F743D0152}.Release|Any CPU.Build.0 = Release|Any CPU
	EndGlobalSection
EndGlobal
